// !$*UTF8*$!
{
	archiveVersion = 1;
	classes = {
	};
	objectVersion = 55;
	objects = {

/* Begin PBXBuildFile section */
		B44D517828593EBB00AABFB1 /* AppDelegate.swift in Sources */ = {isa = PBXBuildFile; fileRef = B44D517728593EBB00AABFB1 /* AppDelegate.swift */; };
		B44D517A28593EBB00AABFB1 /* SceneDelegate.swift in Sources */ = {isa = PBXBuildFile; fileRef = B44D517928593EBB00AABFB1 /* SceneDelegate.swift */; };
		B44D517F28593EBB00AABFB1 /* Main.storyboard in Resources */ = {isa = PBXBuildFile; fileRef = B44D517D28593EBB00AABFB1 /* Main.storyboard */; };
		B44D518128593EBC00AABFB1 /* Assets.xcassets in Resources */ = {isa = PBXBuildFile; fileRef = B44D518028593EBC00AABFB1 /* Assets.xcassets */; };
		B44D518428593EBC00AABFB1 /* LaunchScreen.storyboard in Resources */ = {isa = PBXBuildFile; fileRef = B44D518228593EBC00AABFB1 /* LaunchScreen.storyboard */; };
		B44D518C28593F8900AABFB1 /* tableTableViewController.swift in Sources */ = {isa = PBXBuildFile; fileRef = B44D518B28593F8900AABFB1 /* tableTableViewController.swift */; };
		B44D5191285940FA00AABFB1 /* Task.swift in Sources */ = {isa = PBXBuildFile; fileRef = B44D5190285940FA00AABFB1 /* Task.swift */; };
		B44D5194285942EA00AABFB1 /* TaskStorage.swift in Sources */ = {isa = PBXBuildFile; fileRef = B44D5193285942EA00AABFB1 /* TaskStorage.swift */; };
		B44D5196285946A100AABFB1 /* .gitignore in Resources */ = {isa = PBXBuildFile; fileRef = B44D5195285946A100AABFB1 /* .gitignore */; };
/* End PBXBuildFile section */

/* Begin PBXFileReference section */
		B44D517428593EBB00AABFB1 /* ToDoManager.app */ = {isa = PBXFileReference; explicitFileType = wrapper.application; includeInIndex = 0; path = ToDoManager.app; sourceTree = BUILT_PRODUCTS_DIR; };
		B44D517728593EBB00AABFB1 /* AppDelegate.swift */ = {isa = PBXFileReference; lastKnownFileType = sourcecode.swift; path = AppDelegate.swift; sourceTree = "<group>"; };
		B44D517928593EBB00AABFB1 /* SceneDelegate.swift */ = {isa = PBXFileReference; lastKnownFileType = sourcecode.swift; path = SceneDelegate.swift; sourceTree = "<group>"; };
		B44D517E28593EBB00AABFB1 /* Base */ = {isa = PBXFileReference; lastKnownFileType = file.storyboard; name = Base; path = Base.lproj/Main.storyboard; sourceTree = "<group>"; };
		B44D518028593EBC00AABFB1 /* Assets.xcassets */ = {isa = PBXFileReference; lastKnownFileType = folder.assetcatalog; path = Assets.xcassets; sourceTree = "<group>"; };
		B44D518328593EBC00AABFB1 /* Base */ = {isa = PBXFileReference; lastKnownFileType = file.storyboard; name = Base; path = Base.lproj/LaunchScreen.storyboard; sourceTree = "<group>"; };
		B44D518528593EBC00AABFB1 /* Info.plist */ = {isa = PBXFileReference; lastKnownFileType = text.plist.xml; path = Info.plist; sourceTree = "<group>"; };
		B44D518B28593F8900AABFB1 /* tableTableViewController.swift */ = {isa = PBXFileReference; lastKnownFileType = sourcecode.swift; path = tableTableViewController.swift; sourceTree = "<group>"; };
		B44D5190285940FA00AABFB1 /* Task.swift */ = {isa = PBXFileReference; lastKnownFileType = sourcecode.swift; path = Task.swift; sourceTree = "<group>"; };
		B44D5193285942EA00AABFB1 /* TaskStorage.swift */ = {isa = PBXFileReference; lastKnownFileType = sourcecode.swift; path = TaskStorage.swift; sourceTree = "<group>"; };
		B44D5195285946A100AABFB1 /* .gitignore */ = {isa = PBXFileReference; lastKnownFileType = text; path = .gitignore; sourceTree = "<group>"; };
/* End PBXFileReference section */

/* Begin PBXFrameworksBuildPhase section */
		B44D517128593EBB00AABFB1 /* Frameworks */ = {
			isa = PBXFrameworksBuildPhase;
			buildActionMask = 2147483647;
			files = (
			);
			runOnlyForDeploymentPostprocessing = 0;
		};
/* End PBXFrameworksBuildPhase section */

/* Begin PBXGroup section */
		B44D516B28593EBB00AABFB1 = {
			isa = PBXGroup;
			children = (
				B44D517628593EBB00AABFB1 /* ToDoManager */,
				B44D517528593EBB00AABFB1 /* Products */,
			);
			sourceTree = "<group>";
		};
		B44D517528593EBB00AABFB1 /* Products */ = {
			isa = PBXGroup;
			children = (
				B44D517428593EBB00AABFB1 /* ToDoManager.app */,
			);
			name = Products;
			sourceTree = "<group>";
		};
		B44D517628593EBB00AABFB1 /* ToDoManager */ = {
			isa = PBXGroup;
			children = (
				B44D517728593EBB00AABFB1 /* AppDelegate.swift */,
				B44D517928593EBB00AABFB1 /* SceneDelegate.swift */,
				B44D518F2859407400AABFB1 /* Views */,
				B44D518E2859405B00AABFB1 /* Controllers */,
			);
			path = ToDoManager;
			sourceTree = "<group>";
		};
		B44D518E2859405B00AABFB1 /* Controllers */ = {
			isa = PBXGroup;
			children = (
				B44D518B28593F8900AABFB1 /* tableTableViewController.swift */,
				B44D5195285946A100AABFB1 /* .gitignore */,
			);
			path = Controllers;
			sourceTree = "<group>";
		};
		B44D518F2859407400AABFB1 /* Views */ = {
			isa = PBXGroup;
			children = (
				B44D518228593EBC00AABFB1 /* LaunchScreen.storyboard */,
				B44D517D28593EBB00AABFB1 /* Main.storyboard */,
				B44D518028593EBC00AABFB1 /* Assets.xcassets */,
				B44D518528593EBC00AABFB1 /* Info.plist */,
				B44D51922859410300AABFB1 /* Models */,
			);
			path = Views;
			sourceTree = "<group>";
		};
		B44D51922859410300AABFB1 /* Models */ = {
			isa = PBXGroup;
			children = (
				B44D5190285940FA00AABFB1 /* Task.swift */,
				B44D5193285942EA00AABFB1 /* TaskStorage.swift */,
			);
			path = Models;
			sourceTree = "<group>";
		};
/* End PBXGroup section */

/* Begin PBXNativeTarget section */
		B44D517328593EBB00AABFB1 /* ToDoManager */ = {
			isa = PBXNativeTarget;
			buildConfigurationList = B44D518828593EBC00AABFB1 /* Build configuration list for PBXNativeTarget "ToDoManager" */;
			buildPhases = (
				B44D517028593EBB00AABFB1 /* Sources */,
				B44D517128593EBB00AABFB1 /* Frameworks */,
				B44D517228593EBB00AABFB1 /* Resources */,
			);
			buildRules = (
			);
			dependencies = (
			);
			name = ToDoManager;
			productName = ToDoManager;
			productReference = B44D517428593EBB00AABFB1 /* ToDoManager.app */;
			productType = "com.apple.product-type.application";
		};
/* End PBXNativeTarget section */

/* Begin PBXProject section */
		B44D516C28593EBB00AABFB1 /* Project object */ = {
			isa = PBXProject;
			attributes = {
				BuildIndependentTargetsInParallel = 1;
				LastSwiftUpdateCheck = 1340;
				LastUpgradeCheck = 1340;
				TargetAttributes = {
					B44D517328593EBB00AABFB1 = {
						CreatedOnToolsVersion = 13.4.1;
					};
				};
			};
			buildConfigurationList = B44D516F28593EBB00AABFB1 /* Build configuration list for PBXProject "ToDoManager" */;
			compatibilityVersion = "Xcode 13.0";
			developmentRegion = en;
			hasScannedForEncodings = 0;
			knownRegions = (
				en,
				Base,
			);
			mainGroup = B44D516B28593EBB00AABFB1;
			productRefGroup = B44D517528593EBB00AABFB1 /* Products */;
			projectDirPath = "";
			projectRoot = "";
			targets = (
				B44D517328593EBB00AABFB1 /* ToDoManager */,
			);
		};
/* End PBXProject section */

/* Begin PBXResourcesBuildPhase section */
		B44D517228593EBB00AABFB1 /* Resources */ = {
			isa = PBXResourcesBuildPhase;
			buildActionMask = 2147483647;
			files = (
				B44D5196285946A100AABFB1 /* .gitignore in Resources */,
				B44D518428593EBC00AABFB1 /* LaunchScreen.storyboard in Resources */,
				B44D518128593EBC00AABFB1 /* Assets.xcassets in Resources */,
				B44D517F28593EBB00AABFB1 /* Main.storyboard in Resources */,
			);
			runOnlyForDeploymentPostprocessing = 0;
		};
/* End PBXResourcesBuildPhase section */

/* Begin PBXSourcesBuildPhase section */
		B44D517028593EBB00AABFB1 /* Sources */ = {
			isa = PBXSourcesBuildPhase;
			buildActionMask = 2147483647;
			files = (
				B44D5191285940FA00AABFB1 /* Task.swift in Sources */,
				B44D518C28593F8900AABFB1 /* tableTableViewController.swift in Sources */,
				B44D517828593EBB00AABFB1 /* AppDelegate.swift in Sources */,
				B44D5194285942EA00AABFB1 /* TaskStorage.swift in Sources */,
				B44D517A28593EBB00AABFB1 /* SceneDelegate.swift in Sources */,
			);
			runOnlyForDeploymentPostprocessing = 0;
		};
/* End PBXSourcesBuildPhase section */

/* Begin PBXVariantGroup section */
		B44D517D28593EBB00AABFB1 /* Main.storyboard */ = {
			isa = PBXVariantGroup;
			children = (
				B44D517E28593EBB00AABFB1 /* Base */,
			);
			name = Main.storyboard;
			sourceTree = "<group>";
		};
		B44D518228593EBC00AABFB1 /* LaunchScreen.storyboard */ = {
			isa = PBXVariantGroup;
			children = (
				B44D518328593EBC00AABFB1 /* Base */,
			);
			name = LaunchScreen.storyboard;
			sourceTree = "<group>";
		};
/* End PBXVariantGroup section */

/* Begin XCBuildConfiguration section */
		B44D518628593EBC00AABFB1 /* Debug */ = {
			isa = XCBuildConfiguration;
			buildSettings = {
				ALWAYS_SEARCH_USER_PATHS = NO;
				CLANG_ANALYZER_NONNULL = YES;
				CLANG_ANALYZER_NUMBER_OBJECT_CONVERSION = YES_AGGRESSIVE;
				CLANG_CXX_LANGUAGE_STANDARD = "gnu++17";
				CLANG_ENABLE_MODULES = YES;
				CLANG_ENABLE_OBJC_ARC = YES;
				CLANG_ENABLE_OBJC_WEAK = YES;
				CLANG_WARN_BLOCK_CAPTURE_AUTORELEASING = YES;
				CLANG_WARN_BOOL_CONVERSION = YES;
				CLANG_WARN_COMMA = YES;
				CLANG_WARN_CONSTANT_CONVERSION = YES;
				CLANG_WARN_DEPRECATED_OBJC_IMPLEMENTATIONS = YES;
				CLANG_WARN_DIRECT_OBJC_ISA_USAGE = YES_ERROR;
				CLANG_WARN_DOCUMENTATION_COMMENTS = YES;
				CLANG_WARN_EMPTY_BODY = YES;
				CLANG_WARN_ENUM_CONVERSION = YES;
				CLANG_WARN_INFINITE_RECURSION = YES;
				CLANG_WARN_INT_CONVERSION = YES;
				CLANG_WARN_NON_LITERAL_NULL_CONVERSION = YES;
				CLANG_WARN_OBJC_IMPLICIT_RETAIN_SELF = YES;
				CLANG_WARN_OBJC_LITERAL_CONVERSION = YES;
				CLANG_WARN_OBJC_ROOT_CLASS = YES_ERROR;
				CLANG_WARN_QUOTED_INCLUDE_IN_FRAMEWORK_HEADER = YES;
				CLANG_WARN_RANGE_LOOP_ANALYSIS = YES;
				CLANG_WARN_STRICT_PROTOTYPES = YES;
				CLANG_WARN_SUSPICIOUS_MOVE = YES;
				CLANG_WARN_UNGUARDED_AVAILABILITY = YES_AGGRESSIVE;
				CLANG_WARN_UNREACHABLE_CODE = YES;
				CLANG_WARN__DUPLICATE_METHOD_MATCH = YES;
				COPY_PHASE_STRIP = NO;
				DEBUG_INFORMATION_FORMAT = dwarf;
				ENABLE_STRICT_OBJC_MSGSEND = YES;
				ENABLE_TESTABILITY = YES;
				GCC_C_LANGUAGE_STANDARD = gnu11;
				GCC_DYNAMIC_NO_PIC = NO;
				GCC_NO_COMMON_BLOCKS = YES;
				GCC_OPTIMIZATION_LEVEL = 0;
				GCC_PREPROCESSOR_DEFINITIONS = (
					"DEBUG=1",
					"$(inherited)",
				);
				GCC_WARN_64_TO_32_BIT_CONVERSION = YES;
				GCC_WARN_ABOUT_RETURN_TYPE = YES_ERROR;
				GCC_WARN_UNDECLARED_SELECTOR = YES;
				GCC_WARN_UNINITIALIZED_AUTOS = YES_AGGRESSIVE;
				GCC_WARN_UNUSED_FUNCTION = YES;
				GCC_WARN_UNUSED_VARIABLE = YES;
				IPHONEOS_DEPLOYMENT_TARGET = 15.5;
				MTL_ENABLE_DEBUG_INFO = INCLUDE_SOURCE;
				MTL_FAST_MATH = YES;
				ONLY_ACTIVE_ARCH = YES;
				SDKROOT = iphoneos;
				SWIFT_ACTIVE_COMPILATION_CONDITIONS = DEBUG;
				SWIFT_OPTIMIZATION_LEVEL = "-Onone";
			};
			name = Debug;
		};
		B44D518728593EBC00AABFB1 /* Release */ = {
			isa = XCBuildConfiguration;
			buildSettings = {
				ALWAYS_SEARCH_USER_PATHS = NO;
				CLANG_ANALYZER_NONNULL = YES;
				CLANG_ANALYZER_NUMBER_OBJECT_CONVERSION = YES_AGGRESSIVE;
				CLANG_CXX_LANGUAGE_STANDARD = "gnu++17";
				CLANG_ENABLE_MODULES = YES;
				CLANG_ENABLE_OBJC_ARC = YES;
				CLANG_ENABLE_OBJC_WEAK = YES;
				CLANG_WARN_BLOCK_CAPTURE_AUTORELEASING = YES;
				CLANG_WARN_BOOL_CONVERSION = YES;
				CLANG_WARN_COMMA = YES;
				CLANG_WARN_CONSTANT_CONVERSION = YES;
				CLANG_WARN_DEPRECATED_OBJC_IMPLEMENTATIONS = YES;
				CLANG_WARN_DIRECT_OBJC_ISA_USAGE = YES_ERROR;
				CLANG_WARN_DOCUMENTATION_COMMENTS = YES;
				CLANG_WARN_EMPTY_BODY = YES;
				CLANG_WARN_ENUM_CONVERSION = YES;
				CLANG_WARN_INFINITE_RECURSION = YES;
				CLANG_WARN_INT_CONVERSION = YES;
				CLANG_WARN_NON_LITERAL_NULL_CONVERSION = YES;
				CLANG_WARN_OBJC_IMPLICIT_RETAIN_SELF = YES;
				CLANG_WARN_OBJC_LITERAL_CONVERSION = YES;
				CLANG_WARN_OBJC_ROOT_CLASS = YES_ERROR;
				CLANG_WARN_QUOTED_INCLUDE_IN_FRAMEWORK_HEADER = YES;
				CLANG_WARN_RANGE_LOOP_ANALYSIS = YES;
				CLANG_WARN_STRICT_PROTOTYPES = YES;
				CLANG_WARN_SUSPICIOUS_MOVE = YES;
				CLANG_WARN_UNGUARDED_AVAILABILITY = YES_AGGRESSIVE;
				CLANG_WARN_UNREACHABLE_CODE = YES;
				CLANG_WARN__DUPLICATE_METHOD_MATCH = YES;
				COPY_PHASE_STRIP = NO;
				DEBUG_INFORMATION_FORMAT = "dwarf-with-dsym";
				ENABLE_NS_ASSERTIONS = NO;
				ENABLE_STRICT_OBJC_MSGSEND = YES;
				GCC_C_LANGUAGE_STANDARD = gnu11;
				GCC_NO_COMMON_BLOCKS = YES;
				GCC_WARN_64_TO_32_BIT_CONVERSION = YES;
				GCC_WARN_ABOUT_RETURN_TYPE = YES_ERROR;
				GCC_WARN_UNDECLARED_SELECTOR = YES;
				GCC_WARN_UNINITIALIZED_AUTOS = YES_AGGRESSIVE;
				GCC_WARN_UNUSED_FUNCTION = YES;
				GCC_WARN_UNUSED_VARIABLE = YES;
				IPHONEOS_DEPLOYMENT_TARGET = 15.5;
				MTL_ENABLE_DEBUG_INFO = NO;
				MTL_FAST_MATH = YES;
				SDKROOT = iphoneos;
				SWIFT_COMPILATION_MODE = wholemodule;
				SWIFT_OPTIMIZATION_LEVEL = "-O";
				VALIDATE_PRODUCT = YES;
			};
			name = Release;
		};
		B44D518928593EBC00AABFB1 /* Debug */ = {
			isa = XCBuildConfiguration;
			buildSettings = {
				ASSETCATALOG_COMPILER_APPICON_NAME = AppIcon;
				ASSETCATALOG_COMPILER_GLOBAL_ACCENT_COLOR_NAME = AccentColor;
				CODE_SIGN_STYLE = Automatic;
				CURRENT_PROJECT_VERSION = 1;
				DEVELOPMENT_TEAM = Z4S8VL3GHH;
				GENERATE_INFOPLIST_FILE = YES;
				INFOPLIST_FILE = ToDoManager/Info.plist;
				INFOPLIST_KEY_UIApplicationSupportsIndirectInputEvents = YES;
				INFOPLIST_KEY_UILaunchStoryboardName = LaunchScreen;
				INFOPLIST_KEY_UIMainStoryboardFile = Main;
				INFOPLIST_KEY_UISupportedInterfaceOrientations_iPad = "UIInterfaceOrientationPortrait UIInterfaceOrientationPortraitUpsideDown UIInterfaceOrientationLandscapeLeft UIInterfaceOrientationLandscapeRight";
				INFOPLIST_KEY_UISupportedInterfaceOrientations_iPhone = "UIInterfaceOrientationPortrait UIInterfaceOrientationLandscapeLeft UIInterfaceOrientationLandscapeRight";
				LD_RUNPATH_SEARCH_PATHS = (
					"$(inherited)",
					"@executable_path/Frameworks",
				);
				MARKETING_VERSION = 1.0;
				PRODUCT_BUNDLE_IDENTIFIER = su.andrerusso.ToDoManager;
				PRODUCT_NAME = "$(TARGET_NAME)";
				SWIFT_EMIT_LOC_STRINGS = YES;
				SWIFT_VERSION = 5.0;
				TARGETED_DEVICE_FAMILY = "1,2";
			};
			name = Debug;
		};
		B44D518A28593EBC00AABFB1 /* Release */ = {
			isa = XCBuildConfiguration;
			buildSettings = {
				ASSETCATALOG_COMPILER_APPICON_NAME = AppIcon;
				ASSETCATALOG_COMPILER_GLOBAL_ACCENT_COLOR_NAME = AccentColor;
				CODE_SIGN_STYLE = Automatic;
				CURRENT_PROJECT_VERSION = 1;
				DEVELOPMENT_TEAM = Z4S8VL3GHH;
				GENERATE_INFOPLIST_FILE = YES;
				INFOPLIST_FILE = ToDoManager/Info.plist;
				INFOPLIST_KEY_UIApplicationSupportsIndirectInputEvents = YES;
				INFOPLIST_KEY_UILaunchStoryboardName = LaunchScreen;
				INFOPLIST_KEY_UIMainStoryboardFile = Main;
				INFOPLIST_KEY_UISupportedInterfaceOrientations_iPad = "UIInterfaceOrientationPortrait UIInterfaceOrientationPortraitUpsideDown UIInterfaceOrientationLandscapeLeft UIInterfaceOrientationLandscapeRight";
				INFOPLIST_KEY_UISupportedInterfaceOrientations_iPhone = "UIInterfaceOrientationPortrait UIInterfaceOrientationLandscapeLeft UIInterfaceOrientationLandscapeRight";
				LD_RUNPATH_SEARCH_PATHS = (
					"$(inherited)",
					"@executable_path/Frameworks",
				);
				MARKETING_VERSION = 1.0;
				PRODUCT_BUNDLE_IDENTIFIER = su.andrerusso.ToDoManager;
				PRODUCT_NAME = "$(TARGET_NAME)";
				SWIFT_EMIT_LOC_STRINGS = YES;
				SWIFT_VERSION = 5.0;
				TARGETED_DEVICE_FAMILY = "1,2";
			};
			name = Release;
		};
/* End XCBuildConfiguration section */

/* Begin XCConfigurationList section */
		B44D516F28593EBB00AABFB1 /* Build configuration list for PBXProject "ToDoManager" */ = {
			isa = XCConfigurationList;
			buildConfigurations = (
				B44D518628593EBC00AABFB1 /* Debug */,
				B44D518728593EBC00AABFB1 /* Release */,
			);
			defaultConfigurationIsVisible = 0;
			defaultConfigurationName = Release;
		};
		B44D518828593EBC00AABFB1 /* Build configuration list for PBXNativeTarget "ToDoManager" */ = {
			isa = XCConfigurationList;
			buildConfigurations = (
				B44D518928593EBC00AABFB1 /* Debug */,
				B44D518A28593EBC00AABFB1 /* Release */,
			);
			defaultConfigurationIsVisible = 0;
			defaultConfigurationName = Release;
		};
/* End XCConfigurationList section */
	};
	rootObject = B44D516C28593EBB00AABFB1 /* Project object */;
}
